
Microsoft Visual Studio Solution File, Format Version 12.00
# Visual Studio Version 17
VisualStudioVersion = 17.1.32319.34
MinimumVisualStudioVersion = 10.0.40219.1
Project("{FAE04EC0-301F-11D3-BF4B-00C04F79EFBC}") = "JslApi", "JslApi\JslApi.csproj", "{EE1C2113-B001-4A09-B9C5-3AA15AE42794}"
EndProject
Global
	GlobalSection(SolutionConfigurationPlatforms) = preSolution
		Debug|Any CPU = Debug|Any CPU
		Release|Any CPU = Release|Any CPU
	EndGlobalSection
	GlobalSection(ProjectConfigurationPlatforms) = postSolution
		{EE1C2113-B001-4A09-B9C5-3AA15AE42794}.Debug|Any CPU.ActiveCfg = Debug|Any CPU
		{EE1C2113-B001-4A09-B9C5-3AA15AE42794}.Debug|Any CPU.Build.0 = Debug|Any CPU
		{EE1C2113-B001-4A09-B9C5-3AA15AE42794}.Release|Any CPU.ActiveCfg = Release|Any CPU
		{EE1C2113-B001-4A09-B9C5-3AA15AE42794}.Release|Any CPU.Build.0 = Release|Any CPU
	EndGlobalSection
	GlobalSection(SolutionProperties) = preSolution
		HideSolutionNode = FALSE
	EndGlobalSection
	GlobalSection(ExtensibilityGlobals) = postSolution
		SolutionGuid = {7B16B9F9-A397-4D43-ACE7-2D7B90A2C761}
	EndGlobalSection
EndGlobal
